Microsoft Visual Studio Solution File, Format Version 12.00
# Visual Studio Version 17
VisualStudioVersion = 17.5.2.0
MinimumVisualStudioVersion = 10.0.40219.1
Project("{FAE04EC0-301F-11D3-BF4B-00C04F79EFBC}") = "Applied-Programming-Projects", "AppliedProgrammingTicTacToe\Applied-Programming-Projects.csproj", "{3582E03F-3AF1-45CF-99D4-6667F316BE42}"
EndProject
Global
	GlobalSection(SolutionConfigurationPlatforms) = preSolution
		Debug|Any CPU = Debug|Any CPU
		Release|Any CPU = Release|Any CPU
	EndGlobalSection
	GlobalSection(ProjectConfigurationPlatforms) = postSolution
		{3582E03F-3AF1-45CF-99D4-6667F316BE42}.Debug|Any CPU.ActiveCfg = Debug|Any CPU
		{3582E03F-3AF1-45CF-99D4-6667F316BE42}.Debug|Any CPU.Build.0 = Debug|Any CPU
		{3582E03F-3AF1-45CF-99D4-6667F316BE42}.Release|Any CPU.ActiveCfg = Release|Any CPU
		{3582E03F-3AF1-45CF-99D4-6667F316BE42}.Release|Any CPU.Build.0 = Release|Any CPU
	EndGlobalSection
	GlobalSection(SolutionProperties) = preSolution
		HideSolutionNode = FALSE
	EndGlobalSection
	GlobalSection(ExtensibilityGlobals) = postSolution
		SolutionGuid = {FCACA3A1-70BA-43E0-BA30-0FD739BED490}
	EndGlobalSection
EndGlobal
